
Microsoft Visual Studio Solution File, Format Version 12.00
# Visual Studio Version 17
VisualStudioVersion = 17.5.002.0
MinimumVisualStudioVersion = 10.0.40219.1
Project("{2150E333-8FDC-42A3-9474-1A3956D46DE8}") = "csharp-prep", "csharp-prep", "{CEE541A6-989B-46BB-B9C0-A644968217E1}"
EndProject
Project("{9A19103F-16F7-4668-BE54-9A1E7A4F7556}") = "Prep1", "csharp-prep\Prep1\Prep1.csproj", "{9E7C69DA-E5C7-4A8F-AB3A-D0DAF125E14B}"
EndProject
Project("{9A19103F-16F7-4668-BE54-9A1E7A4F7556}") = "Prep2", "csharp-prep\Prep2\Prep2.csproj", "{731A58E1-EE04-4F06-8AF1-99B89A9D1DCB}"
EndProject
Project("{9A19103F-16F7-4668-BE54-9A1E7A4F7556}") = "Prep3", "csharp-prep\Prep3\Prep3.csproj", "{D67C5210-2145-4F0D-9C4B-6D30858B857F}"
EndProject
Project("{9A19103F-16F7-4668-BE54-9A1E7A4F7556}") = "Prep4", "csharp-prep\Prep4\Prep4.csproj", "{5AB7E8B9-0D6D-478A-8710-6BCF9667CB78}"
EndProject
Project("{9A19103F-16F7-4668-BE54-9A1E7A4F7556}") = "Prep5", "csharp-prep\Prep5\Prep5.csproj", "{D65671F2-51BD-4F36-8B3D-FE5633259ED3}"
EndProject
Project("{2150E333-8FDC-42A3-9474-1A3956D46DE8}") = "final", "final", "{7D1A5DE3-67E5-4932-8D00-370D68423BFD}"
EndProject
Project("{9A19103F-16F7-4668-BE54-9A1E7A4F7556}") = "FinalProject", "final\FinalProject\FinalProject.csproj", "{A3EDE3DA-AE1C-4804-9296-30B61FD40311}"
EndProject
Project("{9A19103F-16F7-4668-BE54-9A1E7A4F7556}") = "Foundation1", "final\Foundation1\Foundation1.csproj", "{0220FE5F-AC17-471E-B739-6E4A2C42A420}"
EndProject
Project("{9A19103F-16F7-4668-BE54-9A1E7A4F7556}") = "Foundation2", "final\Foundation2\Foundation2.csproj", "{E2A1186D-BE59-4BF7-84EE-EFB291F44BBE}"
EndProject
Project("{9A19103F-16F7-4668-BE54-9A1E7A4F7556}") = "Foundation3", "final\Foundation3\Foundation3.csproj", "{3F793BE0-9266-4732-843F-CC6D8026EDA9}"
EndProject
Project("{9A19103F-16F7-4668-BE54-9A1E7A4F7556}") = "Foundation4", "final\Foundation4\Foundation4.csproj", "{0F5C3CF0-543B-48F6-8A28-A11B64F2CF43}"
EndProject
Project("{2150E333-8FDC-42A3-9474-1A3956D46DE8}") = "prepare", "prepare", "{A4E40039-62ED-4D1F-8B08-756C5973BD85}"
EndProject
Project("{9A19103F-16F7-4668-BE54-9A1E7A4F7556}") = "Learning02", "prepare\Learning02\Learning02.csproj", "{C5B108BB-C5CF-4658-A7D9-2660C72DCEC9}"
EndProject
Project("{9A19103F-16F7-4668-BE54-9A1E7A4F7556}") = "Learning03", "prepare\Learning03\Learning03.csproj", "{18F2E63B-7382-471C-A9B4-0D0087D508AC}"
EndProject
Project("{9A19103F-16F7-4668-BE54-9A1E7A4F7556}") = "Learning04", "prepare\Learning04\Learning04.csproj", "{8FB4D14B-E500-41E3-8360-B5FAB7DEF46A}"
EndProject
Project("{9A19103F-16F7-4668-BE54-9A1E7A4F7556}") = "Learning05", "prepare\Learning05\Learning05.csproj", "{01546649-1861-47D7-AFEC-3A5AB7B3BF6B}"
EndProject
Project("{2150E333-8FDC-42A3-9474-1A3956D46DE8}") = "prove", "prove", "{E2EFA47D-05ED-4C51-826B-297ECC689212}"
EndProject
Project("{9A19103F-16F7-4668-BE54-9A1E7A4F7556}") = "Develop02", "prove\Develop02\Develop02.csproj", "{DD85CEBD-AEC6-48DE-8331-AE40993F70A0}"
EndProject
Project("{9A19103F-16F7-4668-BE54-9A1E7A4F7556}") = "Develop03", "prove\Develop03\Develop03.csproj", "{E490BB8E-89D8-4ABC-84BD-8E53F6B323C6}"
EndProject
Project("{9A19103F-16F7-4668-BE54-9A1E7A4F7556}") = "Develop04", "prove\Develop04\Develop04.csproj", "{0F8EEF2D-8035-4F30-BB3E-52DB434C114F}"
EndProject
Project("{9A19103F-16F7-4668-BE54-9A1E7A4F7556}") = "Develop05", "prove\Develop05\Develop05.csproj", "{839ADB6F-60F6-427E-83F3-A0F31CB032C8}"
EndProject
Project("{2150E333-8FDC-42A3-9474-1A3956D46DE8}") = "sandbox", "sandbox", "{21438330-A2EB-4899-BF8C-5212B78A4540}"
EndProject
Project("{9A19103F-16F7-4668-BE54-9A1E7A4F7556}") = "Sandbox", "sandbox\Sandbox\Sandbox.csproj", "{D5DA01CB-D1AA-4C78-9A3D-AA967FC68ECA}"
EndProject
Global
	GlobalSection(SolutionConfigurationPlatforms) = preSolution
		Debug|Any CPU = Debug|Any CPU
		Release|Any CPU = Release|Any CPU
	EndGlobalSection
	GlobalSection(ProjectConfigurationPlatforms) = postSolution
		{9E7C69DA-E5C7-4A8F-AB3A-D0DAF125E14B}.Debug|Any CPU.ActiveCfg = Debug|Any CPU
		{9E7C69DA-E5C7-4A8F-AB3A-D0DAF125E14B}.Debug|Any CPU.Build.0 = Debug|Any CPU
		{9E7C69DA-E5C7-4A8F-AB3A-D0DAF125E14B}.Release|Any CPU.ActiveCfg = Release|Any CPU
		{9E7C69DA-E5C7-4A8F-AB3A-D0DAF125E14B}.Release|Any CPU.Build.0 = Release|Any CPU
		{731A58E1-EE04-4F06-8AF1-99B89A9D1DCB}.Debug|Any CPU.ActiveCfg = Debug|Any CPU
		{731A58E1-EE04-4F06-8AF1-99B89A9D1DCB}.Debug|Any CPU.Build.0 = Debug|Any CPU
		{731A58E1-EE04-4F06-8AF1-99B89A9D1DCB}.Release|Any CPU.ActiveCfg = Release|Any CPU
		{731A58E1-EE04-4F06-8AF1-99B89A9D1DCB}.Release|Any CPU.Build.0 = Release|Any CPU
		{D67C5210-2145-4F0D-9C4B-6D30858B857F}.Debug|Any CPU.ActiveCfg = Debug|Any CPU
		{D67C5210-2145-4F0D-9C4B-6D30858B857F}.Debug|Any CPU.Build.0 = Debug|Any CPU
		{D67C5210-2145-4F0D-9C4B-6D30858B857F}.Release|Any CPU.ActiveCfg = Release|Any CPU
		{D67C5210-2145-4F0D-9C4B-6D30858B857F}.Release|Any CPU.Build.0 = Release|Any CPU
		{5AB7E8B9-0D6D-478A-8710-6BCF9667CB78}.Debug|Any CPU.ActiveCfg = Debug|Any CPU
		{5AB7E8B9-0D6D-478A-8710-6BCF9667CB78}.Debug|Any CPU.Build.0 = Debug|Any CPU
		{5AB7E8B9-0D6D-478A-8710-6BCF9667CB78}.Release|Any CPU.ActiveCfg = Release|Any CPU
		{5AB7E8B9-0D6D-478A-8710-6BCF9667CB78}.Release|Any CPU.Build.0 = Release|Any CPU
		{D65671F2-51BD-4F36-8B3D-FE5633259ED3}.Debug|Any CPU.ActiveCfg = Debug|Any CPU
		{D65671F2-51BD-4F36-8B3D-FE5633259ED3}.Debug|Any CPU.Build.0 = Debug|Any CPU
		{D65671F2-51BD-4F36-8B3D-FE5633259ED3}.Release|Any CPU.ActiveCfg = Release|Any CPU
		{D65671F2-51BD-4F36-8B3D-FE5633259ED3}.Release|Any CPU.Build.0 = Release|Any CPU
		{A3EDE3DA-AE1C-4804-9296-30B61FD40311}.Debug|Any CPU.ActiveCfg = Debug|Any CPU
		{A3EDE3DA-AE1C-4804-9296-30B61FD40311}.Debug|Any CPU.Build.0 = Debug|Any CPU
		{A3EDE3DA-AE1C-4804-9296-30B61FD40311}.Release|Any CPU.ActiveCfg = Release|Any CPU
		{A3EDE3DA-AE1C-4804-9296-30B61FD40311}.Release|Any CPU.Build.0 = Release|Any CPU
		{0220FE5F-AC17-471E-B739-6E4A2C42A420}.Debug|Any CPU.ActiveCfg = Debug|Any CPU
		{0220FE5F-AC17-471E-B739-6E4A2C42A420}.Debug|Any CPU.Build.0 = Debug|Any CPU
		{0220FE5F-AC17-471E-B739-6E4A2C42A420}.Release|Any CPU.ActiveCfg = Release|Any CPU
		{0220FE5F-AC17-471E-B739-6E4A2C42A420}.Release|Any CPU.Build.0 = Release|Any CPU
		{E2A1186D-BE59-4BF7-84EE-EFB291F44BBE}.Debug|Any CPU.ActiveCfg = Debug|Any CPU
		{E2A1186D-BE59-4BF7-84EE-EFB291F44BBE}.Debug|Any CPU.Build.0 = Debug|Any CPU
		{E2A1186D-BE59-4BF7-84EE-EFB291F44BBE}.Release|Any CPU.ActiveCfg = Release|Any CPU
		{E2A1186D-BE59-4BF7-84EE-EFB291F44BBE}.Release|Any CPU.Build.0 = Release|Any CPU
		{3F793BE0-9266-4732-843F-CC6D8026EDA9}.Debug|Any CPU.ActiveCfg = Debug|Any CPU
		{3F793BE0-9266-4732-843F-CC6D8026EDA9}.Debug|Any CPU.Build.0 = Debug|Any CPU
		{3F793BE0-9266-4732-843F-CC6D8026EDA9}.Release|Any CPU.ActiveCfg = Release|Any CPU
		{3F793BE0-9266-4732-843F-CC6D8026EDA9}.Release|Any CPU.Build.0 = Release|Any CPU
		{0F5C3CF0-543B-48F6-8A28-A11B64F2CF43}.Debug|Any CPU.ActiveCfg = Debug|Any CPU
		{0F5C3CF0-543B-48F6-8A28-A11B64F2CF43}.Debug|Any CPU.Build.0 = Debug|Any CPU
		{0F5C3CF0-543B-48F6-8A28-A11B64F2CF43}.Release|Any CPU.ActiveCfg = Release|Any CPU
		{0F5C3CF0-543B-48F6-8A28-A11B64F2CF43}.Release|Any CPU.Build.0 = Release|Any CPU
		{C5B108BB-C5CF-4658-A7D9-2660C72DCEC9}.Debug|Any CPU.ActiveCfg = Debug|Any CPU
		{C5B108BB-C5CF-4658-A7D9-2660C72DCEC9}.Debug|Any CPU.Build.0 = Debug|Any CPU
		{C5B108BB-C5CF-4658-A7D9-2660C72DCEC9}.Release|Any CPU.ActiveCfg = Release|Any CPU
		{C5B108BB-C5CF-4658-A7D9-2660C72DCEC9}.Release|Any CPU.Build.0 = Release|Any CPU
		{18F2E63B-7382-471C-A9B4-0D0087D508AC}.Debug|Any CPU.ActiveCfg = Debug|Any CPU
		{18F2E63B-7382-471C-A9B4-0D0087D508AC}.Debug|Any CPU.Build.0 = Debug|Any CPU
		{18F2E63B-7382-471C-A9B4-0D0087D508AC}.Release|Any CPU.ActiveCfg = Release|Any CPU
		{18F2E63B-7382-471C-A9B4-0D0087D508AC}.Release|Any CPU.Build.0 = Release|Any CPU
		{8FB4D14B-E500-41E3-8360-B5FAB7DEF46A}.Debug|Any CPU.ActiveCfg = Debug|Any CPU
		{8FB4D14B-E500-41E3-8360-B5FAB7DEF46A}.Debug|Any CPU.Build.0 = Debug|Any CPU
		{8FB4D14B-E500-41E3-8360-B5FAB7DEF46A}.Release|Any CPU.ActiveCfg = Release|Any CPU
		{8FB4D14B-E500-41E3-8360-B5FAB7DEF46A}.Release|Any CPU.Build.0 = Release|Any CPU
		{01546649-1861-47D7-AFEC-3A5AB7B3BF6B}.Debug|Any CPU.ActiveCfg = Debug|Any CPU
		{01546649-1861-47D7-AFEC-3A5AB7B3BF6B}.Debug|Any CPU.Build.0 = Debug|Any CPU
		{01546649-1861-47D7-AFEC-3A5AB7B3BF6B}.Release|Any CPU.ActiveCfg = Release|Any CPU
		{01546649-1861-47D7-AFEC-3A5AB7B3BF6B}.Release|Any CPU.Build.0 = Release|Any CPU
		{DD85CEBD-AEC6-48DE-8331-AE40993F70A0}.Debug|Any CPU.ActiveCfg = Debug|Any CPU
		{DD85CEBD-AEC6-48DE-8331-AE40993F70A0}.Debug|Any CPU.Build.0 = Debug|Any CPU
		{DD85CEBD-AEC6-48DE-8331-AE40993F70A0}.Release|Any CPU.ActiveCfg = Release|Any CPU
		{DD85CEBD-AEC6-48DE-8331-AE40993F70A0}.Release|Any CPU.Build.0 = Release|Any CPU
		{E490BB8E-89D8-4ABC-84BD-8E53F6B323C6}.Debug|Any CPU.ActiveCfg = Debug|Any CPU
		{E490BB8E-89D8-4ABC-84BD-8E53F6B323C6}.Debug|Any CPU.Build.0 = Debug|Any CPU
		{E490BB8E-89D8-4ABC-84BD-8E53F6B323C6}.Release|Any CPU.ActiveCfg = Release|Any CPU
		{E490BB8E-89D8-4ABC-84BD-8E53F6B323C6}.Release|Any CPU.Build.0 = Release|Any CPU
		{0F8EEF2D-8035-4F30-BB3E-52DB434C114F}.Debug|Any CPU.ActiveCfg = Debug|Any CPU
		{0F8EEF2D-8035-4F30-BB3E-52DB434C114F}.Debug|Any CPU.Build.0 = Debug|Any CPU
		{0F8EEF2D-8035-4F30-BB3E-52DB434C114F}.Release|Any CPU.ActiveCfg = Release|Any CPU
		{0F8EEF2D-8035-4F30-BB3E-52DB434C114F}.Release|Any CPU.Build.0 = Release|Any CPU
		{839ADB6F-60F6-427E-83F3-A0F31CB032C8}.Debug|Any CPU.ActiveCfg = Debug|Any CPU
		{839ADB6F-60F6-427E-83F3-A0F31CB032C8}.Debug|Any CPU.Build.0 = Debug|Any CPU
		{839ADB6F-60F6-427E-83F3-A0F31CB032C8}.Release|Any CPU.ActiveCfg = Release|Any CPU
		{839ADB6F-60F6-427E-83F3-A0F31CB032C8}.Release|Any CPU.Build.0 = Release|Any CPU
		{D5DA01CB-D1AA-4C78-9A3D-AA967FC68ECA}.Debug|Any CPU.ActiveCfg = Debug|Any CPU
		{D5DA01CB-D1AA-4C78-9A3D-AA967FC68ECA}.Debug|Any CPU.Build.0 = Debug|Any CPU
		{D5DA01CB-D1AA-4C78-9A3D-AA967FC68ECA}.Release|Any CPU.ActiveCfg = Release|Any CPU
		{D5DA01CB-D1AA-4C78-9A3D-AA967FC68ECA}.Release|Any CPU.Build.0 = Release|Any CPU
	EndGlobalSection
	GlobalSection(SolutionProperties) = preSolution
		HideSolutionNode = FALSE
	EndGlobalSection
	GlobalSection(NestedProjects) = preSolution
		{9E7C69DA-E5C7-4A8F-AB3A-D0DAF125E14B} = {CEE541A6-989B-46BB-B9C0-A644968217E1}
		{731A58E1-EE04-4F06-8AF1-99B89A9D1DCB} = {CEE541A6-989B-46BB-B9C0-A644968217E1}
		{D67C5210-2145-4F0D-9C4B-6D30858B857F} = {CEE541A6-989B-46BB-B9C0-A644968217E1}
		{5AB7E8B9-0D6D-478A-8710-6BCF9667CB78} = {CEE541A6-989B-46BB-B9C0-A644968217E1}
		{D65671F2-51BD-4F36-8B3D-FE5633259ED3} = {CEE541A6-989B-46BB-B9C0-A644968217E1}
		{A3EDE3DA-AE1C-4804-9296-30B61FD40311} = {7D1A5DE3-67E5-4932-8D00-370D68423BFD}
		{0220FE5F-AC17-471E-B739-6E4A2C42A420} = {7D1A5DE3-67E5-4932-8D00-370D68423BFD}
		{E2A1186D-BE59-4BF7-84EE-EFB291F44BBE} = {7D1A5DE3-67E5-4932-8D00-370D68423BFD}
		{3F793BE0-9266-4732-843F-CC6D8026EDA9} = {7D1A5DE3-67E5-4932-8D00-370D68423BFD}
		{0F5C3CF0-543B-48F6-8A28-A11B64F2CF43} = {7D1A5DE3-67E5-4932-8D00-370D68423BFD}
		{C5B108BB-C5CF-4658-A7D9-2660C72DCEC9} = {A4E40039-62ED-4D1F-8B08-756C5973BD85}
		{18F2E63B-7382-471C-A9B4-0D0087D508AC} = {A4E40039-62ED-4D1F-8B08-756C5973BD85}
		{8FB4D14B-E500-41E3-8360-B5FAB7DEF46A} = {A4E40039-62ED-4D1F-8B08-756C5973BD85}
		{01546649-1861-47D7-AFEC-3A5AB7B3BF6B} = {A4E40039-62ED-4D1F-8B08-756C5973BD85}
		{DD85CEBD-AEC6-48DE-8331-AE40993F70A0} = {E2EFA47D-05ED-4C51-826B-297ECC689212}
		{E490BB8E-89D8-4ABC-84BD-8E53F6B323C6} = {E2EFA47D-05ED-4C51-826B-297ECC689212}
		{0F8EEF2D-8035-4F30-BB3E-52DB434C114F} = {E2EFA47D-05ED-4C51-826B-297ECC689212}
		{839ADB6F-60F6-427E-83F3-A0F31CB032C8} = {E2EFA47D-05ED-4C51-826B-297ECC689212}
		{D5DA01CB-D1AA-4C78-9A3D-AA967FC68ECA} = {21438330-A2EB-4899-BF8C-5212B78A4540}
	EndGlobalSection
	GlobalSection(ExtensibilityGlobals) = postSolution
		SolutionGuid = {2EF5A134-5703-45EF-B77A-683D99B9DF96}
	EndGlobalSection
EndGlobal
